
Microsoft Visual Studio Solution File, Format Version 12.00
# Visual Studio Version 17
VisualStudioVersion = 17.13.35806.99 d17.13
MinimumVisualStudioVersion = 10.0.40219.1
Project("{8BC9CEB8-8B4A-11D0-8D11-00A0C91BC942}") = "Homework_Graphs", "Homework_Graphs\Homework_Graphs.vcxproj", "{717B5962-8A66-499D-81A7-1061F85D426F}"
EndProject
Global
	GlobalSection(SolutionConfigurationPlatforms) = preSolution
		Debug|x64 = Debug|x64
		Debug|x86 = Debug|x86
		Release|x64 = Release|x64
		Release|x86 = Release|x86
	EndGlobalSection
	GlobalSection(ProjectConfigurationPlatforms) = postSolution
		{717B5962-8A66-499D-81A7-1061F85D426F}.Debug|x64.ActiveCfg = Debug|x64
		{717B5962-8A66-499D-81A7-1061F85D426F}.Debug|x64.Build.0 = Debug|x64
		{717B5962-8A66-499D-81A7-1061F85D426F}.Debug|x86.ActiveCfg = Debug|Win32
		{717B5962-8A66-499D-81A7-1061F85D426F}.Debug|x86.Build.0 = Debug|Win32
		{717B5962-8A66-499D-81A7-1061F85D426F}.Release|x64.ActiveCfg = Release|x64
		{717B5962-8A66-499D-81A7-1061F85D426F}.Release|x64.Build.0 = Release|x64
		{717B5962-8A66-499D-81A7-1061F85D426F}.Release|x86.ActiveCfg = Release|Win32
		{717B5962-8A66-499D-81A7-1061F85D426F}.Release|x86.Build.0 = Release|Win32
	EndGlobalSection
	GlobalSection(SolutionProperties) = preSolution
		HideSolutionNode = FALSE
	EndGlobalSection
	GlobalSection(ExtensibilityGlobals) = postSolution
		SolutionGuid = {7A7C1E74-422D-4446-BD99-4DB47DDDE200}
	EndGlobalSection
EndGlobal
