
Microsoft Visual Studio Solution File, Format Version 12.00
# Visual Studio Version 17
VisualStudioVersion = 17.13.35806.99 d17.13
MinimumVisualStudioVersion = 10.0.40219.1
Project("{8BC9CEB8-8B4A-11D0-8D11-00A0C91BC942}") = "Project1", "Project1\Project1.vcxproj", "{9156E5AE-AA16-4977-920B-912851E2F19A}"
EndProject
Project("{8BC9CEB8-8B4A-11D0-8D11-00A0C91BC942}") = "Homework_Graphs", "Homework_Graphs\Homework_Graphs.vcxproj", "{F65137B3-CE6C-4246-979F-055F6C0CC19A}"
EndProject
Global
	GlobalSection(SolutionConfigurationPlatforms) = preSolution
		Debug|x64 = Debug|x64
		Debug|x86 = Debug|x86
		Release|x64 = Release|x64
		Release|x86 = Release|x86
	EndGlobalSection
	GlobalSection(ProjectConfigurationPlatforms) = postSolution
		{9156E5AE-AA16-4977-920B-912851E2F19A}.Debug|x64.ActiveCfg = Debug|x64
		{9156E5AE-AA16-4977-920B-912851E2F19A}.Debug|x64.Build.0 = Debug|x64
		{9156E5AE-AA16-4977-920B-912851E2F19A}.Debug|x86.ActiveCfg = Debug|Win32
		{9156E5AE-AA16-4977-920B-912851E2F19A}.Debug|x86.Build.0 = Debug|Win32
		{9156E5AE-AA16-4977-920B-912851E2F19A}.Release|x64.ActiveCfg = Release|x64
		{9156E5AE-AA16-4977-920B-912851E2F19A}.Release|x64.Build.0 = Release|x64
		{9156E5AE-AA16-4977-920B-912851E2F19A}.Release|x86.ActiveCfg = Release|Win32
		{9156E5AE-AA16-4977-920B-912851E2F19A}.Release|x86.Build.0 = Release|Win32
		{F65137B3-CE6C-4246-979F-055F6C0CC19A}.Debug|x64.ActiveCfg = Debug|x64
		{F65137B3-CE6C-4246-979F-055F6C0CC19A}.Debug|x64.Build.0 = Debug|x64
		{F65137B3-CE6C-4246-979F-055F6C0CC19A}.Debug|x86.ActiveCfg = Debug|Win32
		{F65137B3-CE6C-4246-979F-055F6C0CC19A}.Debug|x86.Build.0 = Debug|Win32
		{F65137B3-CE6C-4246-979F-055F6C0CC19A}.Release|x64.ActiveCfg = Release|x64
		{F65137B3-CE6C-4246-979F-055F6C0CC19A}.Release|x64.Build.0 = Release|x64
		{F65137B3-CE6C-4246-979F-055F6C0CC19A}.Release|x86.ActiveCfg = Release|Win32
		{F65137B3-CE6C-4246-979F-055F6C0CC19A}.Release|x86.Build.0 = Release|Win32
	EndGlobalSection
	GlobalSection(SolutionProperties) = preSolution
		HideSolutionNode = FALSE
	EndGlobalSection
	GlobalSection(ExtensibilityGlobals) = postSolution
		SolutionGuid = {D2F6443D-A0F5-41A6-A9D1-4C17498BFCBE}
	EndGlobalSection
EndGlobal
